Microsoft Visual Studio Solution File, Format Version 12.00
# Visual Studio 2012
Project("{FAE04EC0-301F-11D3-BF4B-00C04F79EFBC}") = "Diamond_Jack", "Diamond_Jack.csproj", "{B3D71A7F-9EE7-42DD-B4A2-18E88382C7FB}"
EndProject
Global
	GlobalSection(SolutionConfigurationPlatforms) = preSolution
	Debug|Any CPU = Debug|Any CPU
	ExportDebug|Any CPU = ExportDebug|Any CPU
	ExportRelease|Any CPU = ExportRelease|Any CPU
	EndGlobalSection
	GlobalSection(ProjectConfigurationPlatforms) = postSolution
		{B3D71A7F-9EE7-42DD-B4A2-18E88382C7FB}.Debug|Any CPU.ActiveCfg = Debug|Any CPU
		{B3D71A7F-9EE7-42DD-B4A2-18E88382C7FB}.Debug|Any CPU.Build.0 = Debug|Any CPU
		{B3D71A7F-9EE7-42DD-B4A2-18E88382C7FB}.ExportDebug|Any CPU.ActiveCfg = ExportDebug|Any CPU
		{B3D71A7F-9EE7-42DD-B4A2-18E88382C7FB}.ExportDebug|Any CPU.Build.0 = ExportDebug|Any CPU
		{B3D71A7F-9EE7-42DD-B4A2-18E88382C7FB}.ExportRelease|Any CPU.ActiveCfg = ExportRelease|Any CPU
		{B3D71A7F-9EE7-42DD-B4A2-18E88382C7FB}.ExportRelease|Any CPU.Build.0 = ExportRelease|Any CPU
	EndGlobalSection
EndGlobal
